
Microsoft Visual Studio Solution File, Format Version 12.00
# Visual Studio 14
VisualStudioVersion = 14.0.25420.1
MinimumVisualStudioVersion = 10.0.40219.1
Project("{FAE04EC0-301F-11D3-BF4B-00C04F79EFBC}") = "NetTelebot", "NetTelebot\NetTelebot.csproj", "{49C7146E-4A6B-406F-8332-042B9BCA19EB}"
EndProject
Project("{FAE04EC0-301F-11D3-BF4B-00C04F79EFBC}") = "NetTelebot.Tests", "NetTelebot.Tests\NetTelebot.Tests.csproj", "{A09E8951-00AF-4575-AD51-B6AE2E34B84C}"
	ProjectSection(ProjectDependencies) = postProject
		{49C7146E-4A6B-406F-8332-042B9BCA19EB} = {49C7146E-4A6B-406F-8332-042B9BCA19EB}
	EndProjectSection
EndProject
Project("{2150E333-8FDC-42A3-9474-1A3956D46DE8}") = "Example Project", "Example Project", "{4A41CC2C-8882-4FB4-BFF8-3B4ED14421A9}"
	ProjectSection(SolutionItems) = preProject
		README.md = README.md
	EndProjectSection
EndProject
Project("{FAE04EC0-301F-11D3-BF4B-00C04F79EFBC}") = "NetTelebot.ReplyKeyboardMarkup.TestApplication", "NetTelebot.ReplyKeyboardMarkup.TestApplication\NetTelebot.ReplyKeyboardMarkup.TestApplication.csproj", "{A6F3D4C3-6628-47FF-94E7-09B87337B1C5}"
	ProjectSection(ProjectDependencies) = postProject
		{58C5212E-1FF1-47E4-A131-A872E46E3A4C} = {58C5212E-1FF1-47E4-A131-A872E46E3A4C}
		{49C7146E-4A6B-406F-8332-042B9BCA19EB} = {49C7146E-4A6B-406F-8332-042B9BCA19EB}
	EndProjectSection
EndProject
Project("{FAE04EC0-301F-11D3-BF4B-00C04F79EFBC}") = "NetTelebot.CommonUtils", "NetTelebot.CommonUtils\NetTelebot.CommonUtils.csproj", "{58C5212E-1FF1-47E4-A131-A872E46E3A4C}"
EndProject
Project("{2150E333-8FDC-42A3-9474-1A3956D46DE8}") = "Solution Items", "Solution Items", "{DE1029C8-2258-4098-BDFD-EBF6E2CD491C}"
	ProjectSection(SolutionItems) = preProject
		README.md = README.md
	EndProjectSection
EndProject
Project("{2150E333-8FDC-42A3-9474-1A3956D46DE8}") = "Coomon Project", "Coomon Project", "{0F3ADE71-52CB-412A-886C-7C4E11EF03F3}"
EndProject
Global
	GlobalSection(SolutionConfigurationPlatforms) = preSolution
		Debug|Any CPU = Debug|Any CPU
		Release|Any CPU = Release|Any CPU
	EndGlobalSection
	GlobalSection(ProjectConfigurationPlatforms) = postSolution
		{49C7146E-4A6B-406F-8332-042B9BCA19EB}.Debug|Any CPU.ActiveCfg = Debug|Any CPU
		{49C7146E-4A6B-406F-8332-042B9BCA19EB}.Debug|Any CPU.Build.0 = Debug|Any CPU
		{49C7146E-4A6B-406F-8332-042B9BCA19EB}.Release|Any CPU.ActiveCfg = Release|Any CPU
		{49C7146E-4A6B-406F-8332-042B9BCA19EB}.Release|Any CPU.Build.0 = Release|Any CPU
		{A09E8951-00AF-4575-AD51-B6AE2E34B84C}.Debug|Any CPU.ActiveCfg = Debug|Any CPU
		{A09E8951-00AF-4575-AD51-B6AE2E34B84C}.Debug|Any CPU.Build.0 = Debug|Any CPU
		{A09E8951-00AF-4575-AD51-B6AE2E34B84C}.Release|Any CPU.ActiveCfg = Release|Any CPU
		{A09E8951-00AF-4575-AD51-B6AE2E34B84C}.Release|Any CPU.Build.0 = Release|Any CPU
		{A6F3D4C3-6628-47FF-94E7-09B87337B1C5}.Debug|Any CPU.ActiveCfg = Debug|Any CPU
		{A6F3D4C3-6628-47FF-94E7-09B87337B1C5}.Debug|Any CPU.Build.0 = Debug|Any CPU
		{A6F3D4C3-6628-47FF-94E7-09B87337B1C5}.Release|Any CPU.ActiveCfg = Release|Any CPU
		{A6F3D4C3-6628-47FF-94E7-09B87337B1C5}.Release|Any CPU.Build.0 = Release|Any CPU
		{58C5212E-1FF1-47E4-A131-A872E46E3A4C}.Debug|Any CPU.ActiveCfg = Debug|Any CPU
		{58C5212E-1FF1-47E4-A131-A872E46E3A4C}.Debug|Any CPU.Build.0 = Debug|Any CPU
		{58C5212E-1FF1-47E4-A131-A872E46E3A4C}.Release|Any CPU.ActiveCfg = Release|Any CPU
		{58C5212E-1FF1-47E4-A131-A872E46E3A4C}.Release|Any CPU.Build.0 = Release|Any CPU
	EndGlobalSection
	GlobalSection(SolutionProperties) = preSolution
		HideSolutionNode = FALSE
	EndGlobalSection
	GlobalSection(NestedProjects) = preSolution
		{A6F3D4C3-6628-47FF-94E7-09B87337B1C5} = {4A41CC2C-8882-4FB4-BFF8-3B4ED14421A9}
		{58C5212E-1FF1-47E4-A131-A872E46E3A4C} = {0F3ADE71-52CB-412A-886C-7C4E11EF03F3}
	EndGlobalSection
EndGlobal
