
Microsoft Visual Studio Solution File, Format Version 12.00
# Visual Studio 14
VisualStudioVersion = 14.0.22823.1
MinimumVisualStudioVersion = 10.0.40219.1
Project("{FAE04EC0-301F-11D3-BF4B-00C04F79EFBC}") = "NetTelebot", "NetTelebot\NetTelebot.csproj", "{49C7146E-4A6B-406F-8332-042B9BCA19EB}"
EndProject
Global
	GlobalSection(SolutionConfigurationPlatforms) = preSolution
		Debug|Any CPU = Debug|Any CPU
		Release|Any CPU = Release|Any CPU
	EndGlobalSection
	GlobalSection(ProjectConfigurationPlatforms) = postSolution
		{49C7146E-4A6B-406F-8332-042B9BCA19EB}.Debug|Any CPU.ActiveCfg = Debug|Any CPU
		{49C7146E-4A6B-406F-8332-042B9BCA19EB}.Debug|Any CPU.Build.0 = Debug|Any CPU
		{49C7146E-4A6B-406F-8332-042B9BCA19EB}.Release|Any CPU.ActiveCfg = Release|Any CPU
		{49C7146E-4A6B-406F-8332-042B9BCA19EB}.Release|Any CPU.Build.0 = Release|Any CPU
	EndGlobalSection
	GlobalSection(SolutionProperties) = preSolution
		HideSolutionNode = FALSE
	EndGlobalSection
EndGlobal
